
Microsoft Visual Studio Solution File, Format Version 12.00
# Visual Studio Version 17
VisualStudioVersion = 17.6.33815.320
MinimumVisualStudioVersion = 10.0.40219.1
Project("{9A19103F-16F7-4668-BE54-9A1E7A4F7556}") = "RCS.Carbon.Licensing.Example", "RCS.Carbon.Licensing.Example\RCS.Carbon.Licensing.Example.csproj", "{1FE099FF-567D-41F5-BF50-AEB009F09894}"
EndProject
Project("{9A19103F-16F7-4668-BE54-9A1E7A4F7556}") = "RCS.Carbon.Licensing.Example.MSTests", "RCS.Carbon.Licensing.Example.MSTests\RCS.Carbon.Licensing.Example.MSTests.csproj", "{0A0C4C62-35DA-4FD3-9695-AB0BB7D2A5A4}"
EndProject
Project("{2150E333-8FDC-42A3-9474-1A3956D46DE8}") = "Solution Items", "Solution Items", "{261EBD92-1D9E-41D3-ADC6-E86631D62717}"
	ProjectSection(SolutionItems) = preProject
		README.md = README.md
	EndProjectSection
EndProject
Project("{9A19103F-16F7-4668-BE54-9A1E7A4F7556}") = "RCS.Carbon.Licensing.Shared", "..\..\Carbon\Solution\RCS.Carbon.Licensing.Shared\RCS.Carbon.Licensing.Shared.csproj", "{A3DAA2A6-5E8C-4200-B25E-6E271A91EF92}"
EndProject
Project("{9A19103F-16F7-4668-BE54-9A1E7A4F7556}") = "RCS.Carbon.Shared", "..\..\Carbon\Solution\RCS.Carbon.Shared\RCS.Carbon.Shared.csproj", "{5A0C0DBE-5CF5-45E0-91E8-E147F0C2BFD8}"
EndProject
Global
	GlobalSection(SolutionConfigurationPlatforms) = preSolution
		Debug|Any CPU = Debug|Any CPU
		Release|Any CPU = Release|Any CPU
	EndGlobalSection
	GlobalSection(ProjectConfigurationPlatforms) = postSolution
		{1FE099FF-567D-41F5-BF50-AEB009F09894}.Debug|Any CPU.ActiveCfg = Debug|Any CPU
		{1FE099FF-567D-41F5-BF50-AEB009F09894}.Debug|Any CPU.Build.0 = Debug|Any CPU
		{1FE099FF-567D-41F5-BF50-AEB009F09894}.Release|Any CPU.ActiveCfg = Release|Any CPU
		{1FE099FF-567D-41F5-BF50-AEB009F09894}.Release|Any CPU.Build.0 = Release|Any CPU
		{0A0C4C62-35DA-4FD3-9695-AB0BB7D2A5A4}.Debug|Any CPU.ActiveCfg = Debug|Any CPU
		{0A0C4C62-35DA-4FD3-9695-AB0BB7D2A5A4}.Debug|Any CPU.Build.0 = Debug|Any CPU
		{0A0C4C62-35DA-4FD3-9695-AB0BB7D2A5A4}.Release|Any CPU.ActiveCfg = Release|Any CPU
		{0A0C4C62-35DA-4FD3-9695-AB0BB7D2A5A4}.Release|Any CPU.Build.0 = Release|Any CPU
		{A3DAA2A6-5E8C-4200-B25E-6E271A91EF92}.Debug|Any CPU.ActiveCfg = Debug|Any CPU
		{A3DAA2A6-5E8C-4200-B25E-6E271A91EF92}.Debug|Any CPU.Build.0 = Debug|Any CPU
		{A3DAA2A6-5E8C-4200-B25E-6E271A91EF92}.Release|Any CPU.ActiveCfg = Release|Any CPU
		{A3DAA2A6-5E8C-4200-B25E-6E271A91EF92}.Release|Any CPU.Build.0 = Release|Any CPU
		{5A0C0DBE-5CF5-45E0-91E8-E147F0C2BFD8}.Debug|Any CPU.ActiveCfg = Debug|Any CPU
		{5A0C0DBE-5CF5-45E0-91E8-E147F0C2BFD8}.Debug|Any CPU.Build.0 = Debug|Any CPU
		{5A0C0DBE-5CF5-45E0-91E8-E147F0C2BFD8}.Release|Any CPU.ActiveCfg = Release|Any CPU
		{5A0C0DBE-5CF5-45E0-91E8-E147F0C2BFD8}.Release|Any CPU.Build.0 = Release|Any CPU
	EndGlobalSection
	GlobalSection(SolutionProperties) = preSolution
		HideSolutionNode = FALSE
	EndGlobalSection
	GlobalSection(ExtensibilityGlobals) = postSolution
		SolutionGuid = {084FE4C2-64C5-49BA-B18D-2DA2B5F9DB40}
	EndGlobalSection
EndGlobal
